
Microsoft Visual Studio Solution File, Format Version 12.00
# Visual Studio 2013
VisualStudioVersion = 12.0.30516.0
MinimumVisualStudioVersion = 10.0.40219.1
Project("{2150E333-8FDC-42A3-9474-1A3956D46DE8}") = ".nuget", ".nuget", "{1D780B80-C034-4AF9-8A47-3C4C3708E198}"
	ProjectSection(SolutionItems) = preProject
		.nuget\NuGet.Config = .nuget\NuGet.Config
		.nuget\NuGet.exe = .nuget\NuGet.exe
		.nuget\NuGet.targets = .nuget\NuGet.targets
	EndProjectSection
EndProject
Project("{FAE04EC0-301F-11D3-BF4B-00C04F79EFBC}") = "LightNode.Server", "Source\LightNode.Server\LightNode.Server.csproj", "{CABC7913-F7C9-4E89-8312-F9AE523B9F41}"
EndProject
Project("{FAE04EC0-301F-11D3-BF4B-00C04F79EFBC}") = "LightNode.Server.Tests", "Tests\LightNode.Server.Tests\LightNode.Server.Tests.csproj", "{DC0E853F-E732-4DF8-B87A-FE246F851F8E}"
EndProject
Project("{FAE04EC0-301F-11D3-BF4B-00C04F79EFBC}") = "LightNode.Sample.Server.SelfHost", "Sample\LightNode.Sample.Server.SelfHost\LightNode.Sample.Server.SelfHost.csproj", "{E6E4EB3F-208F-42FB-8107-4E57BD82347B}"
EndProject
Project("{FAE04EC0-301F-11D3-BF4B-00C04F79EFBC}") = "LightNode.Sample.Client", "Sample\LightNode.Sample.Client\LightNode.Sample.Client.csproj", "{7BAEA48D-6A91-490E-9B19-35C2A8F4174B}"
EndProject
Project("{2150E333-8FDC-42A3-9474-1A3956D46DE8}") = "Performance", "Performance", "{7632038A-C89C-4EF9-B4FF-BEF11F02F9F4}"
EndProject
Project("{FAE04EC0-301F-11D3-BF4B-00C04F79EFBC}") = "PerfTest.ClientRunner", "Performance\PerfTest.ClientRunner\PerfTest.ClientRunner.csproj", "{EF5DA3BB-CBA7-4FEE-9478-67C3ADAF6E5E}"
EndProject
Project("{FAE04EC0-301F-11D3-BF4B-00C04F79EFBC}") = "LightNode.Core", "Source\LightNode.Core\LightNode.Core.csproj", "{072D35EF-AF4A-4DA0-849A-6B0B9196C959}"
EndProject
Project("{FAE04EC0-301F-11D3-BF4B-00C04F79EFBC}") = "LightNode.Client.PCL.T4", "Source\LightNode.Client.PCL.T4\LightNode.Client.PCL.T4.csproj", "{8B8399AE-D7FA-404B-956A-ACF6B7F2A98B}"
EndProject
Project("{2150E333-8FDC-42A3-9474-1A3956D46DE8}") = "Sample", "Sample", "{05E4C673-1F12-449D-A3A4-F7C6FFD91701}"
EndProject
Project("{FAE04EC0-301F-11D3-BF4B-00C04F79EFBC}") = "WebAPI", "Performance\WebAPI\WebAPI.csproj", "{F6BB4D44-C8AD-44FF-8E61-ABA042AC323A}"
EndProject
Project("{FAE04EC0-301F-11D3-BF4B-00C04F79EFBC}") = "LightNode.Formatter.JsonNet", "Source\LightNode.Formatter.JsonNet\LightNode.Formatter.JsonNet.csproj", "{80EA8854-2596-4EED-9D59-DC13CC55BBD9}"
EndProject
Project("{FAE04EC0-301F-11D3-BF4B-00C04F79EFBC}") = "LightNode.Formatter.MsgPack", "Source\LightNode.Formatter.MsgPack\LightNode.Formatter.MsgPack.csproj", "{9F4EE2BC-4DB5-4E28-B75C-AD255C80910C}"
EndProject
Project("{FAE04EC0-301F-11D3-BF4B-00C04F79EFBC}") = "LightNode.Formatter.ProtoBuf", "Source\LightNode.Formatter.ProtoBuf\LightNode.Formatter.ProtoBuf.csproj", "{9C70A625-E0C8-4575-B25E-9CFA905E1B7F}"
EndProject
Project("{FAE04EC0-301F-11D3-BF4B-00C04F79EFBC}") = "LightNode.Performance", "Performance\LightNode.Performance\LightNode.Performance.csproj", "{EB2D7853-3C75-49A4-A250-912D4E5488B4}"
EndProject
Project("{FAE04EC0-301F-11D3-BF4B-00C04F79EFBC}") = "RawHttpHandler", "Performance\RawHttpHandler\RawHttpHandler.csproj", "{FD999DCB-0C6C-4FD2-A09C-4FC1341DDCA3}"
EndProject
Project("{FAE04EC0-301F-11D3-BF4B-00C04F79EFBC}") = "RawOwinHandler", "Performance\RawOwinHandler\RawOwinHandler.csproj", "{5F261EE2-51A8-4E76-B8BC-953F0E1A2A2D}"
EndProject
Project("{FAE04EC0-301F-11D3-BF4B-00C04F79EFBC}") = "Nancy", "Performance\Nancy\Nancy.csproj", "{C08367A5-3E04-4FFF-AAD2-F0D6021D8046}"
EndProject
Project("{FAE04EC0-301F-11D3-BF4B-00C04F79EFBC}") = "ServiceStack", "Performance\ServiceStack\ServiceStack.csproj", "{64E7BD45-C57B-40D6-BC85-65CA9903A775}"
EndProject
Project("{2150E333-8FDC-42A3-9474-1A3956D46DE8}") = "Docs", "Docs", "{52DEAA6E-C4C7-4F7A-99A4-DF8FDE08736E}"
	ProjectSection(SolutionItems) = preProject
		NuGet\Glimpse.LightNode.nuspec = NuGet\Glimpse.LightNode.nuspec
		LICENSE = LICENSE
		NuGet\LightNode.Client.PCL.T4.nuspec = NuGet\LightNode.Client.PCL.T4.nuspec
		NuGet\LightNode.Client.UniRx.T4.nuspec = NuGet\LightNode.Client.UniRx.T4.nuspec
		NuGet\LightNode.Core.nuspec = NuGet\LightNode.Core.nuspec
		NuGet\LightNode.Formatter.Jil.LZ4.nuspec = NuGet\LightNode.Formatter.Jil.LZ4.nuspec
		NuGet\LightNode.Formatter.Jil.nuspec = NuGet\LightNode.Formatter.Jil.nuspec
		NuGet\LightNode.Formatter.JsonNet.nuspec = NuGet\LightNode.Formatter.JsonNet.nuspec
		NuGet\LightNode.Formatter.MsgPack.nuspec = NuGet\LightNode.Formatter.MsgPack.nuspec
		NuGet\LightNode.Formatter.ProtoBuf.nuspec = NuGet\LightNode.Formatter.ProtoBuf.nuspec
		NuGet\LightNode.Server.nuspec = NuGet\LightNode.Server.nuspec
		NuGet\LightNode.Swagger.nuspec = NuGet\LightNode.Swagger.nuspec
		NuGet\pack.bat = NuGet\pack.bat
		NuGet\push.bat = NuGet\push.bat
		README.md = README.md
		NuGet\ReadMe.txt = NuGet\ReadMe.txt
	EndProjectSection
EndProject
Project("{FAE04EC0-301F-11D3-BF4B-00C04F79EFBC}") = "WcfService", "Performance\WcfService\WcfService.csproj", "{7F1DBA87-5AEF-4DE4-AA67-A08B87D88900}"
EndProject
Project("{FAE04EC0-301F-11D3-BF4B-00C04F79EFBC}") = "AspNetMVC", "Performance\AspNetMVC\AspNetMVC.csproj", "{97307648-8671-4023-AA53-C5DE7DC79065}"
EndProject
Project("{FAE04EC0-301F-11D3-BF4B-00C04F79EFBC}") = "LightNode.Helios", "Performance\LightNode.Helios\LightNode.Helios.csproj", "{3AB75B9A-EDCE-4761-A71C-612E9BA48AC3}"
EndProject
Project("{FAE04EC0-301F-11D3-BF4B-00C04F79EFBC}") = "LightNode.SelfHost", "Performance\LightNode.SelfHost\LightNode.SelfHost.csproj", "{9E4C02D4-BFC8-48F5-BAE8-5AD88B384961}"
EndProject
Project("{FAE04EC0-301F-11D3-BF4B-00C04F79EFBC}") = "LightNode.Client.UniRx.T4", "Source\LightNode.Client.UniRx.T4\LightNode.Client.UniRx.T4.csproj", "{20B6FCE4-B03F-4889-AB87-8E60FA78EE4B}"
EndProject
Project("{FAE04EC0-301F-11D3-BF4B-00C04F79EFBC}") = "Glimpse.LightNode", "Source\Glimpse.LightNode\Glimpse.LightNode.csproj", "{14607312-EC6D-49B2-9B99-AF38897D4468}"
EndProject
Project("{FAE04EC0-301F-11D3-BF4B-00C04F79EFBC}") = "LightNode.Sample.GlimpseUse", "Sample\LightNode.Sample.GimpseUse\LightNode.Sample.GlimpseUse.csproj", "{4B0914D8-6360-487E-8EB4-89CC1DB112F6}"
EndProject
Project("{FAE04EC0-301F-11D3-BF4B-00C04F79EFBC}") = "LightNode.Formatter.Jil", "Source\LightNode.Formatter.Jil\LightNode.Formatter.Jil.csproj", "{2B06F536-00BA-465C-AD09-0903DFC84EB1}"
EndProject
Project("{FAE04EC0-301F-11D3-BF4B-00C04F79EFBC}") = "LightNode.Formatter.Jil.LZ4", "Source\LightNode.Formatter.Jil.LZ4\LightNode.Formatter.Jil.LZ4.csproj", "{897A5A2A-8941-4223-8DA8-DE0DB6D358F9}"
EndProject
Project("{FAE04EC0-301F-11D3-BF4B-00C04F79EFBC}") = "LightNode.Swagger", "Source\LightNode.Swagger\LightNode.Swagger.csproj", "{48580104-C895-4212-AF28-A36BB6C78CD0}"
EndProject
Global
	GlobalSection(SolutionConfigurationPlatforms) = preSolution
		Debug|Any CPU = Debug|Any CPU
		Release|Any CPU = Release|Any CPU
	EndGlobalSection
	GlobalSection(ProjectConfigurationPlatforms) = postSolution
		{CABC7913-F7C9-4E89-8312-F9AE523B9F41}.Debug|Any CPU.ActiveCfg = Debug|Any CPU
		{CABC7913-F7C9-4E89-8312-F9AE523B9F41}.Debug|Any CPU.Build.0 = Debug|Any CPU
		{CABC7913-F7C9-4E89-8312-F9AE523B9F41}.Release|Any CPU.ActiveCfg = Release|Any CPU
		{CABC7913-F7C9-4E89-8312-F9AE523B9F41}.Release|Any CPU.Build.0 = Release|Any CPU
		{DC0E853F-E732-4DF8-B87A-FE246F851F8E}.Debug|Any CPU.ActiveCfg = Debug|Any CPU
		{DC0E853F-E732-4DF8-B87A-FE246F851F8E}.Debug|Any CPU.Build.0 = Debug|Any CPU
		{DC0E853F-E732-4DF8-B87A-FE246F851F8E}.Release|Any CPU.ActiveCfg = Release|Any CPU
		{DC0E853F-E732-4DF8-B87A-FE246F851F8E}.Release|Any CPU.Build.0 = Release|Any CPU
		{E6E4EB3F-208F-42FB-8107-4E57BD82347B}.Debug|Any CPU.ActiveCfg = Debug|Any CPU
		{E6E4EB3F-208F-42FB-8107-4E57BD82347B}.Debug|Any CPU.Build.0 = Debug|Any CPU
		{E6E4EB3F-208F-42FB-8107-4E57BD82347B}.Release|Any CPU.ActiveCfg = Release|Any CPU
		{E6E4EB3F-208F-42FB-8107-4E57BD82347B}.Release|Any CPU.Build.0 = Release|Any CPU
		{7BAEA48D-6A91-490E-9B19-35C2A8F4174B}.Debug|Any CPU.ActiveCfg = Debug|Any CPU
		{7BAEA48D-6A91-490E-9B19-35C2A8F4174B}.Debug|Any CPU.Build.0 = Debug|Any CPU
		{7BAEA48D-6A91-490E-9B19-35C2A8F4174B}.Release|Any CPU.ActiveCfg = Release|Any CPU
		{7BAEA48D-6A91-490E-9B19-35C2A8F4174B}.Release|Any CPU.Build.0 = Release|Any CPU
		{EF5DA3BB-CBA7-4FEE-9478-67C3ADAF6E5E}.Debug|Any CPU.ActiveCfg = Debug|Any CPU
		{EF5DA3BB-CBA7-4FEE-9478-67C3ADAF6E5E}.Debug|Any CPU.Build.0 = Debug|Any CPU
		{EF5DA3BB-CBA7-4FEE-9478-67C3ADAF6E5E}.Release|Any CPU.ActiveCfg = Release|Any CPU
		{EF5DA3BB-CBA7-4FEE-9478-67C3ADAF6E5E}.Release|Any CPU.Build.0 = Release|Any CPU
		{072D35EF-AF4A-4DA0-849A-6B0B9196C959}.Debug|Any CPU.ActiveCfg = Debug|Any CPU
		{072D35EF-AF4A-4DA0-849A-6B0B9196C959}.Debug|Any CPU.Build.0 = Debug|Any CPU
		{072D35EF-AF4A-4DA0-849A-6B0B9196C959}.Release|Any CPU.ActiveCfg = Release|Any CPU
		{072D35EF-AF4A-4DA0-849A-6B0B9196C959}.Release|Any CPU.Build.0 = Release|Any CPU
		{8B8399AE-D7FA-404B-956A-ACF6B7F2A98B}.Debug|Any CPU.ActiveCfg = Debug|Any CPU
		{8B8399AE-D7FA-404B-956A-ACF6B7F2A98B}.Debug|Any CPU.Build.0 = Debug|Any CPU
		{8B8399AE-D7FA-404B-956A-ACF6B7F2A98B}.Release|Any CPU.ActiveCfg = Release|Any CPU
		{8B8399AE-D7FA-404B-956A-ACF6B7F2A98B}.Release|Any CPU.Build.0 = Release|Any CPU
		{F6BB4D44-C8AD-44FF-8E61-ABA042AC323A}.Debug|Any CPU.ActiveCfg = Debug|Any CPU
		{F6BB4D44-C8AD-44FF-8E61-ABA042AC323A}.Debug|Any CPU.Build.0 = Debug|Any CPU
		{F6BB4D44-C8AD-44FF-8E61-ABA042AC323A}.Release|Any CPU.ActiveCfg = Release|Any CPU
		{F6BB4D44-C8AD-44FF-8E61-ABA042AC323A}.Release|Any CPU.Build.0 = Release|Any CPU
		{80EA8854-2596-4EED-9D59-DC13CC55BBD9}.Debug|Any CPU.ActiveCfg = Debug|Any CPU
		{80EA8854-2596-4EED-9D59-DC13CC55BBD9}.Debug|Any CPU.Build.0 = Debug|Any CPU
		{80EA8854-2596-4EED-9D59-DC13CC55BBD9}.Release|Any CPU.ActiveCfg = Release|Any CPU
		{80EA8854-2596-4EED-9D59-DC13CC55BBD9}.Release|Any CPU.Build.0 = Release|Any CPU
		{9F4EE2BC-4DB5-4E28-B75C-AD255C80910C}.Debug|Any CPU.ActiveCfg = Debug|Any CPU
		{9F4EE2BC-4DB5-4E28-B75C-AD255C80910C}.Debug|Any CPU.Build.0 = Debug|Any CPU
		{9F4EE2BC-4DB5-4E28-B75C-AD255C80910C}.Release|Any CPU.ActiveCfg = Release|Any CPU
		{9F4EE2BC-4DB5-4E28-B75C-AD255C80910C}.Release|Any CPU.Build.0 = Release|Any CPU
		{9C70A625-E0C8-4575-B25E-9CFA905E1B7F}.Debug|Any CPU.ActiveCfg = Debug|Any CPU
		{9C70A625-E0C8-4575-B25E-9CFA905E1B7F}.Debug|Any CPU.Build.0 = Debug|Any CPU
		{9C70A625-E0C8-4575-B25E-9CFA905E1B7F}.Release|Any CPU.ActiveCfg = Release|Any CPU
		{9C70A625-E0C8-4575-B25E-9CFA905E1B7F}.Release|Any CPU.Build.0 = Release|Any CPU
		{EB2D7853-3C75-49A4-A250-912D4E5488B4}.Debug|Any CPU.ActiveCfg = Debug|Any CPU
		{EB2D7853-3C75-49A4-A250-912D4E5488B4}.Debug|Any CPU.Build.0 = Debug|Any CPU
		{EB2D7853-3C75-49A4-A250-912D4E5488B4}.Release|Any CPU.ActiveCfg = Release|Any CPU
		{EB2D7853-3C75-49A4-A250-912D4E5488B4}.Release|Any CPU.Build.0 = Release|Any CPU
		{FD999DCB-0C6C-4FD2-A09C-4FC1341DDCA3}.Debug|Any CPU.ActiveCfg = Debug|Any CPU
		{FD999DCB-0C6C-4FD2-A09C-4FC1341DDCA3}.Debug|Any CPU.Build.0 = Debug|Any CPU
		{FD999DCB-0C6C-4FD2-A09C-4FC1341DDCA3}.Release|Any CPU.ActiveCfg = Release|Any CPU
		{FD999DCB-0C6C-4FD2-A09C-4FC1341DDCA3}.Release|Any CPU.Build.0 = Release|Any CPU
		{5F261EE2-51A8-4E76-B8BC-953F0E1A2A2D}.Debug|Any CPU.ActiveCfg = Debug|Any CPU
		{5F261EE2-51A8-4E76-B8BC-953F0E1A2A2D}.Debug|Any CPU.Build.0 = Debug|Any CPU
		{5F261EE2-51A8-4E76-B8BC-953F0E1A2A2D}.Release|Any CPU.ActiveCfg = Release|Any CPU
		{5F261EE2-51A8-4E76-B8BC-953F0E1A2A2D}.Release|Any CPU.Build.0 = Release|Any CPU
		{C08367A5-3E04-4FFF-AAD2-F0D6021D8046}.Debug|Any CPU.ActiveCfg = Debug|Any CPU
		{C08367A5-3E04-4FFF-AAD2-F0D6021D8046}.Debug|Any CPU.Build.0 = Debug|Any CPU
		{C08367A5-3E04-4FFF-AAD2-F0D6021D8046}.Release|Any CPU.ActiveCfg = Release|Any CPU
		{C08367A5-3E04-4FFF-AAD2-F0D6021D8046}.Release|Any CPU.Build.0 = Release|Any CPU
		{64E7BD45-C57B-40D6-BC85-65CA9903A775}.Debug|Any CPU.ActiveCfg = Debug|Any CPU
		{64E7BD45-C57B-40D6-BC85-65CA9903A775}.Debug|Any CPU.Build.0 = Debug|Any CPU
		{64E7BD45-C57B-40D6-BC85-65CA9903A775}.Release|Any CPU.ActiveCfg = Release|Any CPU
		{64E7BD45-C57B-40D6-BC85-65CA9903A775}.Release|Any CPU.Build.0 = Release|Any CPU
		{7F1DBA87-5AEF-4DE4-AA67-A08B87D88900}.Debug|Any CPU.ActiveCfg = Debug|Any CPU
		{7F1DBA87-5AEF-4DE4-AA67-A08B87D88900}.Debug|Any CPU.Build.0 = Debug|Any CPU
		{7F1DBA87-5AEF-4DE4-AA67-A08B87D88900}.Release|Any CPU.ActiveCfg = Release|Any CPU
		{7F1DBA87-5AEF-4DE4-AA67-A08B87D88900}.Release|Any CPU.Build.0 = Release|Any CPU
		{97307648-8671-4023-AA53-C5DE7DC79065}.Debug|Any CPU.ActiveCfg = Debug|Any CPU
		{97307648-8671-4023-AA53-C5DE7DC79065}.Debug|Any CPU.Build.0 = Debug|Any CPU
		{97307648-8671-4023-AA53-C5DE7DC79065}.Release|Any CPU.ActiveCfg = Release|Any CPU
		{97307648-8671-4023-AA53-C5DE7DC79065}.Release|Any CPU.Build.0 = Release|Any CPU
		{3AB75B9A-EDCE-4761-A71C-612E9BA48AC3}.Debug|Any CPU.ActiveCfg = Debug|Any CPU
		{3AB75B9A-EDCE-4761-A71C-612E9BA48AC3}.Debug|Any CPU.Build.0 = Debug|Any CPU
		{3AB75B9A-EDCE-4761-A71C-612E9BA48AC3}.Release|Any CPU.ActiveCfg = Release|Any CPU
		{3AB75B9A-EDCE-4761-A71C-612E9BA48AC3}.Release|Any CPU.Build.0 = Release|Any CPU
		{9E4C02D4-BFC8-48F5-BAE8-5AD88B384961}.Debug|Any CPU.ActiveCfg = Debug|Any CPU
		{9E4C02D4-BFC8-48F5-BAE8-5AD88B384961}.Debug|Any CPU.Build.0 = Debug|Any CPU
		{9E4C02D4-BFC8-48F5-BAE8-5AD88B384961}.Release|Any CPU.ActiveCfg = Release|Any CPU
		{9E4C02D4-BFC8-48F5-BAE8-5AD88B384961}.Release|Any CPU.Build.0 = Release|Any CPU
		{20B6FCE4-B03F-4889-AB87-8E60FA78EE4B}.Debug|Any CPU.ActiveCfg = Debug|Any CPU
		{20B6FCE4-B03F-4889-AB87-8E60FA78EE4B}.Debug|Any CPU.Build.0 = Debug|Any CPU
		{20B6FCE4-B03F-4889-AB87-8E60FA78EE4B}.Release|Any CPU.ActiveCfg = Release|Any CPU
		{20B6FCE4-B03F-4889-AB87-8E60FA78EE4B}.Release|Any CPU.Build.0 = Release|Any CPU
		{14607312-EC6D-49B2-9B99-AF38897D4468}.Debug|Any CPU.ActiveCfg = Debug|Any CPU
		{14607312-EC6D-49B2-9B99-AF38897D4468}.Debug|Any CPU.Build.0 = Debug|Any CPU
		{14607312-EC6D-49B2-9B99-AF38897D4468}.Release|Any CPU.ActiveCfg = Release|Any CPU
		{14607312-EC6D-49B2-9B99-AF38897D4468}.Release|Any CPU.Build.0 = Release|Any CPU
		{4B0914D8-6360-487E-8EB4-89CC1DB112F6}.Debug|Any CPU.ActiveCfg = Debug|Any CPU
		{4B0914D8-6360-487E-8EB4-89CC1DB112F6}.Debug|Any CPU.Build.0 = Debug|Any CPU
		{4B0914D8-6360-487E-8EB4-89CC1DB112F6}.Release|Any CPU.ActiveCfg = Release|Any CPU
		{4B0914D8-6360-487E-8EB4-89CC1DB112F6}.Release|Any CPU.Build.0 = Release|Any CPU
		{2B06F536-00BA-465C-AD09-0903DFC84EB1}.Debug|Any CPU.ActiveCfg = Debug|Any CPU
		{2B06F536-00BA-465C-AD09-0903DFC84EB1}.Debug|Any CPU.Build.0 = Debug|Any CPU
		{2B06F536-00BA-465C-AD09-0903DFC84EB1}.Release|Any CPU.ActiveCfg = Release|Any CPU
		{2B06F536-00BA-465C-AD09-0903DFC84EB1}.Release|Any CPU.Build.0 = Release|Any CPU
		{897A5A2A-8941-4223-8DA8-DE0DB6D358F9}.Debug|Any CPU.ActiveCfg = Debug|Any CPU
		{897A5A2A-8941-4223-8DA8-DE0DB6D358F9}.Debug|Any CPU.Build.0 = Debug|Any CPU
		{897A5A2A-8941-4223-8DA8-DE0DB6D358F9}.Release|Any CPU.ActiveCfg = Release|Any CPU
		{897A5A2A-8941-4223-8DA8-DE0DB6D358F9}.Release|Any CPU.Build.0 = Release|Any CPU
		{48580104-C895-4212-AF28-A36BB6C78CD0}.Debug|Any CPU.ActiveCfg = Debug|Any CPU
		{48580104-C895-4212-AF28-A36BB6C78CD0}.Debug|Any CPU.Build.0 = Debug|Any CPU
		{48580104-C895-4212-AF28-A36BB6C78CD0}.Release|Any CPU.ActiveCfg = Release|Any CPU
		{48580104-C895-4212-AF28-A36BB6C78CD0}.Release|Any CPU.Build.0 = Release|Any CPU
	EndGlobalSection
	GlobalSection(SolutionProperties) = preSolution
		HideSolutionNode = FALSE
	EndGlobalSection
	GlobalSection(NestedProjects) = preSolution
		{E6E4EB3F-208F-42FB-8107-4E57BD82347B} = {05E4C673-1F12-449D-A3A4-F7C6FFD91701}
		{7BAEA48D-6A91-490E-9B19-35C2A8F4174B} = {05E4C673-1F12-449D-A3A4-F7C6FFD91701}
		{EF5DA3BB-CBA7-4FEE-9478-67C3ADAF6E5E} = {7632038A-C89C-4EF9-B4FF-BEF11F02F9F4}
		{F6BB4D44-C8AD-44FF-8E61-ABA042AC323A} = {7632038A-C89C-4EF9-B4FF-BEF11F02F9F4}
		{EB2D7853-3C75-49A4-A250-912D4E5488B4} = {7632038A-C89C-4EF9-B4FF-BEF11F02F9F4}
		{FD999DCB-0C6C-4FD2-A09C-4FC1341DDCA3} = {7632038A-C89C-4EF9-B4FF-BEF11F02F9F4}
		{5F261EE2-51A8-4E76-B8BC-953F0E1A2A2D} = {7632038A-C89C-4EF9-B4FF-BEF11F02F9F4}
		{C08367A5-3E04-4FFF-AAD2-F0D6021D8046} = {7632038A-C89C-4EF9-B4FF-BEF11F02F9F4}
		{64E7BD45-C57B-40D6-BC85-65CA9903A775} = {7632038A-C89C-4EF9-B4FF-BEF11F02F9F4}
		{7F1DBA87-5AEF-4DE4-AA67-A08B87D88900} = {7632038A-C89C-4EF9-B4FF-BEF11F02F9F4}
		{97307648-8671-4023-AA53-C5DE7DC79065} = {7632038A-C89C-4EF9-B4FF-BEF11F02F9F4}
		{3AB75B9A-EDCE-4761-A71C-612E9BA48AC3} = {7632038A-C89C-4EF9-B4FF-BEF11F02F9F4}
		{9E4C02D4-BFC8-48F5-BAE8-5AD88B384961} = {7632038A-C89C-4EF9-B4FF-BEF11F02F9F4}
		{4B0914D8-6360-487E-8EB4-89CC1DB112F6} = {05E4C673-1F12-449D-A3A4-F7C6FFD91701}
	EndGlobalSection
EndGlobal
