
Microsoft Visual Studio Solution File, Format Version 12.00
# Visual Studio 2012
Project("{2150E333-8FDC-42A3-9474-1A3956D46DE8}") = ".nuget", ".nuget", "{1D780B80-C034-4AF9-8A47-3C4C3708E198}"
	ProjectSection(SolutionItems) = preProject
		.nuget\NuGet.Config = .nuget\NuGet.Config
		.nuget\NuGet.exe = .nuget\NuGet.exe
		.nuget\NuGet.targets = .nuget\NuGet.targets
	EndProjectSection
EndProject
Project("{FAE04EC0-301F-11D3-BF4B-00C04F79EFBC}") = "LightNode.Server", "Source\LightNode.Server\LightNode.Server.csproj", "{CABC7913-F7C9-4E89-8312-F9AE523B9F41}"
EndProject
Project("{FAE04EC0-301F-11D3-BF4B-00C04F79EFBC}") = "LightNode.Server.Tests", "Tests\LightNode.Server.Tests\LightNode.Server.Tests.csproj", "{DC0E853F-E732-4DF8-B87A-FE246F851F8E}"
EndProject
Project("{FAE04EC0-301F-11D3-BF4B-00C04F79EFBC}") = "LightNode.Sample.Server.SelfHost", "Sample\LightNode.Sample.Server.SelfHost\LightNode.Sample.Server.SelfHost.csproj", "{E6E4EB3F-208F-42FB-8107-4E57BD82347B}"
EndProject
Project("{FAE04EC0-301F-11D3-BF4B-00C04F79EFBC}") = "LightNode.Sample.Client", "Sample\LightNode.Sample.Client\LightNode.Sample.Client.csproj", "{7BAEA48D-6A91-490E-9B19-35C2A8F4174B}"
EndProject
Project("{2150E333-8FDC-42A3-9474-1A3956D46DE8}") = "Performance", "Performance", "{7632038A-C89C-4EF9-B4FF-BEF11F02F9F4}"
EndProject
Project("{FAE04EC0-301F-11D3-BF4B-00C04F79EFBC}") = "PerfTest.ClientRunner", "Performance\PerfTest.ClientRunner\PerfTest.ClientRunner.csproj", "{EF5DA3BB-CBA7-4FEE-9478-67C3ADAF6E5E}"
EndProject
Project("{FAE04EC0-301F-11D3-BF4B-00C04F79EFBC}") = "LightNode.Core", "Source\LightNode.Core\LightNode.Core.csproj", "{072D35EF-AF4A-4DA0-849A-6B0B9196C959}"
EndProject
Project("{FAE04EC0-301F-11D3-BF4B-00C04F79EFBC}") = "LightNode.PCL.T4", "Source\LightNode.PCL.T4\LightNode.PCL.T4.csproj", "{8B8399AE-D7FA-404B-956A-ACF6B7F2A98B}"
EndProject
Project("{2150E333-8FDC-42A3-9474-1A3956D46DE8}") = "Sample", "Sample", "{05E4C673-1F12-449D-A3A4-F7C6FFD91701}"
EndProject
Project("{FAE04EC0-301F-11D3-BF4B-00C04F79EFBC}") = "WebAPI", "Performance\WebAPI\WebAPI.csproj", "{F6BB4D44-C8AD-44FF-8E61-ABA042AC323A}"
EndProject
Project("{FAE04EC0-301F-11D3-BF4B-00C04F79EFBC}") = "LightNode.Formatter.JsonNet", "Source\LightNode.Formatter.JsonNet\LightNode.Formatter.JsonNet.csproj", "{80EA8854-2596-4EED-9D59-DC13CC55BBD9}"
EndProject
Project("{FAE04EC0-301F-11D3-BF4B-00C04F79EFBC}") = "LightNode.Formatter.MsgPack", "Source\LightNode.Formatter.MsgPack\LightNode.Formatter.MsgPack.csproj", "{9F4EE2BC-4DB5-4E28-B75C-AD255C80910C}"
EndProject
Project("{FAE04EC0-301F-11D3-BF4B-00C04F79EFBC}") = "LightNode.Formatter.ProtoBuf", "Source\LightNode.Formatter.ProtoBuf\LightNode.Formatter.ProtoBuf.csproj", "{9C70A625-E0C8-4575-B25E-9CFA905E1B7F}"
EndProject
Global
	GlobalSection(SolutionConfigurationPlatforms) = preSolution
		Debug|Any CPU = Debug|Any CPU
		Release|Any CPU = Release|Any CPU
	EndGlobalSection
	GlobalSection(ProjectConfigurationPlatforms) = postSolution
		{CABC7913-F7C9-4E89-8312-F9AE523B9F41}.Debug|Any CPU.ActiveCfg = Debug|Any CPU
		{CABC7913-F7C9-4E89-8312-F9AE523B9F41}.Debug|Any CPU.Build.0 = Debug|Any CPU
		{CABC7913-F7C9-4E89-8312-F9AE523B9F41}.Release|Any CPU.ActiveCfg = Release|Any CPU
		{CABC7913-F7C9-4E89-8312-F9AE523B9F41}.Release|Any CPU.Build.0 = Release|Any CPU
		{DC0E853F-E732-4DF8-B87A-FE246F851F8E}.Debug|Any CPU.ActiveCfg = Debug|Any CPU
		{DC0E853F-E732-4DF8-B87A-FE246F851F8E}.Debug|Any CPU.Build.0 = Debug|Any CPU
		{DC0E853F-E732-4DF8-B87A-FE246F851F8E}.Release|Any CPU.ActiveCfg = Release|Any CPU
		{DC0E853F-E732-4DF8-B87A-FE246F851F8E}.Release|Any CPU.Build.0 = Release|Any CPU
		{E6E4EB3F-208F-42FB-8107-4E57BD82347B}.Debug|Any CPU.ActiveCfg = Debug|Any CPU
		{E6E4EB3F-208F-42FB-8107-4E57BD82347B}.Debug|Any CPU.Build.0 = Debug|Any CPU
		{E6E4EB3F-208F-42FB-8107-4E57BD82347B}.Release|Any CPU.ActiveCfg = Release|Any CPU
		{E6E4EB3F-208F-42FB-8107-4E57BD82347B}.Release|Any CPU.Build.0 = Release|Any CPU
		{7BAEA48D-6A91-490E-9B19-35C2A8F4174B}.Debug|Any CPU.ActiveCfg = Debug|Any CPU
		{7BAEA48D-6A91-490E-9B19-35C2A8F4174B}.Debug|Any CPU.Build.0 = Debug|Any CPU
		{7BAEA48D-6A91-490E-9B19-35C2A8F4174B}.Release|Any CPU.ActiveCfg = Release|Any CPU
		{7BAEA48D-6A91-490E-9B19-35C2A8F4174B}.Release|Any CPU.Build.0 = Release|Any CPU
		{EF5DA3BB-CBA7-4FEE-9478-67C3ADAF6E5E}.Debug|Any CPU.ActiveCfg = Debug|Any CPU
		{EF5DA3BB-CBA7-4FEE-9478-67C3ADAF6E5E}.Debug|Any CPU.Build.0 = Debug|Any CPU
		{EF5DA3BB-CBA7-4FEE-9478-67C3ADAF6E5E}.Release|Any CPU.ActiveCfg = Release|Any CPU
		{EF5DA3BB-CBA7-4FEE-9478-67C3ADAF6E5E}.Release|Any CPU.Build.0 = Release|Any CPU
		{072D35EF-AF4A-4DA0-849A-6B0B9196C959}.Debug|Any CPU.ActiveCfg = Debug|Any CPU
		{072D35EF-AF4A-4DA0-849A-6B0B9196C959}.Debug|Any CPU.Build.0 = Debug|Any CPU
		{072D35EF-AF4A-4DA0-849A-6B0B9196C959}.Release|Any CPU.ActiveCfg = Release|Any CPU
		{072D35EF-AF4A-4DA0-849A-6B0B9196C959}.Release|Any CPU.Build.0 = Release|Any CPU
		{8B8399AE-D7FA-404B-956A-ACF6B7F2A98B}.Debug|Any CPU.ActiveCfg = Debug|Any CPU
		{8B8399AE-D7FA-404B-956A-ACF6B7F2A98B}.Debug|Any CPU.Build.0 = Debug|Any CPU
		{8B8399AE-D7FA-404B-956A-ACF6B7F2A98B}.Release|Any CPU.ActiveCfg = Release|Any CPU
		{8B8399AE-D7FA-404B-956A-ACF6B7F2A98B}.Release|Any CPU.Build.0 = Release|Any CPU
		{F6BB4D44-C8AD-44FF-8E61-ABA042AC323A}.Debug|Any CPU.ActiveCfg = Debug|Any CPU
		{F6BB4D44-C8AD-44FF-8E61-ABA042AC323A}.Debug|Any CPU.Build.0 = Debug|Any CPU
		{F6BB4D44-C8AD-44FF-8E61-ABA042AC323A}.Release|Any CPU.ActiveCfg = Release|Any CPU
		{F6BB4D44-C8AD-44FF-8E61-ABA042AC323A}.Release|Any CPU.Build.0 = Release|Any CPU
		{80EA8854-2596-4EED-9D59-DC13CC55BBD9}.Debug|Any CPU.ActiveCfg = Debug|Any CPU
		{80EA8854-2596-4EED-9D59-DC13CC55BBD9}.Debug|Any CPU.Build.0 = Debug|Any CPU
		{80EA8854-2596-4EED-9D59-DC13CC55BBD9}.Release|Any CPU.ActiveCfg = Release|Any CPU
		{80EA8854-2596-4EED-9D59-DC13CC55BBD9}.Release|Any CPU.Build.0 = Release|Any CPU
		{9F4EE2BC-4DB5-4E28-B75C-AD255C80910C}.Debug|Any CPU.ActiveCfg = Debug|Any CPU
		{9F4EE2BC-4DB5-4E28-B75C-AD255C80910C}.Debug|Any CPU.Build.0 = Debug|Any CPU
		{9F4EE2BC-4DB5-4E28-B75C-AD255C80910C}.Release|Any CPU.ActiveCfg = Release|Any CPU
		{9F4EE2BC-4DB5-4E28-B75C-AD255C80910C}.Release|Any CPU.Build.0 = Release|Any CPU
		{9C70A625-E0C8-4575-B25E-9CFA905E1B7F}.Debug|Any CPU.ActiveCfg = Debug|Any CPU
		{9C70A625-E0C8-4575-B25E-9CFA905E1B7F}.Debug|Any CPU.Build.0 = Debug|Any CPU
		{9C70A625-E0C8-4575-B25E-9CFA905E1B7F}.Release|Any CPU.ActiveCfg = Release|Any CPU
		{9C70A625-E0C8-4575-B25E-9CFA905E1B7F}.Release|Any CPU.Build.0 = Release|Any CPU
	EndGlobalSection
	GlobalSection(SolutionProperties) = preSolution
		HideSolutionNode = FALSE
	EndGlobalSection
	GlobalSection(NestedProjects) = preSolution
		{7BAEA48D-6A91-490E-9B19-35C2A8F4174B} = {05E4C673-1F12-449D-A3A4-F7C6FFD91701}
		{E6E4EB3F-208F-42FB-8107-4E57BD82347B} = {05E4C673-1F12-449D-A3A4-F7C6FFD91701}
		{EF5DA3BB-CBA7-4FEE-9478-67C3ADAF6E5E} = {7632038A-C89C-4EF9-B4FF-BEF11F02F9F4}
		{F6BB4D44-C8AD-44FF-8E61-ABA042AC323A} = {7632038A-C89C-4EF9-B4FF-BEF11F02F9F4}
	EndGlobalSection
EndGlobal
